<?xml version="1.0" encoding="utf-8"?>
<Project ToolsVersion="4.0" xmlns="http://schemas.microsoft.com/developer/msbuild/2003">
  <ItemGroup>
    <Filter Include="Исходные файлы">
      <UniqueIdentifier>{4FC737F1-C7A5-4376-A066-2A32D752A2FF}</UniqueIdentifier>
      <Extensions>cpp;c;cc;cxx;c++;cppm;ixx;def;odl;idl;hpj;bat;asm;asmx</Extensions>
    </Filter>
    <Filter Include="Файлы заголовков">
      <UniqueIdentifier>{93995380-89BD-4b04-88EB-625FBE52EBFB}</UniqueIdentifier>
      <Extensions>h;hh;hpp;hxx;h++;hm;inl;inc;ipp;xsd</Extensions>
    </Filter>
    <Filter Include="Файлы ресурсов">
      <UniqueIdentifier>{67DA6AB6-F800-4c08-8B7A-83BB121AAD01}</UniqueIdentifier>
      <Extensions>rc;ico;cur;bmp;dlg;rc2;rct;bin;rgs;gif;jpg;jpeg;jpe;resx;tiff;tif;png;wav;mfcribbon-ms</Extensions>
    </Filter>
    <Filter Include="ErrorHandler">
      <UniqueIdentifier>{23e49c32-46d3-46c5-89f6-4d1e19ba0e9d}</UniqueIdentifier>
    </Filter>
    <Filter Include="ErrorHandler\headers">
      <UniqueIdentifier>{f8655f1c-56c9-466c-9ba0-f0dd5cfeab53}</UniqueIdentifier>
    </Filter>
    <Filter Include="ErrorHandler\sources">
      <UniqueIdentifier>{2ac8322f-8a0a-4c13-82fd-48ca0d0fdb79}</UniqueIdentifier>
    </Filter>
  </ItemGroup>
  <ItemGroup>
    <ClCompile Include="CubicSpline.cpp">
      <Filter>Исходные файлы</Filter>
    </ClCompile>
    <ClCompile Include="Grid.cpp">
      <Filter>Исходные файлы</Filter>
    </ClCompile>
    <ClCompile Include="TDMA.cpp">
      <Filter>Исходные файлы</Filter>
    </ClCompile>
    <ClCompile Include="CubicSplineInterpolator.cpp">
      <Filter>Исходные файлы</Filter>
    </ClCompile>
    <ClCompile Include="InterpolationDataLoader.cpp">
      <Filter>Исходные файлы</Filter>
    </ClCompile>
    <ClCompile Include="ErrorsHandler.cpp">
      <Filter>ErrorHandler\sources</Filter>
    </ClCompile>
    <ClCompile Include="HermitSplineInterpolator.cpp">
      <Filter>Исходные файлы</Filter>
    </ClCompile>
  </ItemGroup>
  <ItemGroup>
    <ClInclude Include="Grid.h">
      <Filter>Файлы заголовков</Filter>
    </ClInclude>
    <ClInclude Include="TDMA.h">
      <Filter>Файлы заголовков</Filter>
    </ClInclude>
    <ClInclude Include="CubicSplineInterpolator.h">
      <Filter>Файлы заголовков</Filter>
    </ClInclude>
    <ClInclude Include="InterpolationDataLoader.h">
      <Filter>Исходные файлы</Filter>
    </ClInclude>
    <ClInclude Include="ErrorsHandler.h">
      <Filter>ErrorHandler\headers</Filter>
    </ClInclude>
    <ClInclude Include="HermitSplineInterpolator.h">
      <Filter>Файлы заголовков</Filter>
    </ClInclude>
    <ClInclude Include="Interpolator.h">
      <Filter>Файлы заголовков</Filter>
    </ClInclude>
  </ItemGroup>
  <ItemGroup>
    <Text Include="use_of_grid.txt">
      <Filter>Файлы ресурсов</Filter>
    </Text>
  </ItemGroup>
</Project>